// !$*UTF8*$!
{
	archiveVersion = 1;
	classes = {
	};
	objectVersion = 50;
	objects = {

/* Begin PBXBuildFile section */
		18AC2B9721FFEFDC008053CA /* AppDelegate.m in Sources */ = {isa = PBXBuildFile; fileRef = 18AC2B9621FFEFDC008053CA /* AppDelegate.m */; };
		18AC2B9A21FFEFDC008053CA /* ViewController.m in Sources */ = {isa = PBXBuildFile; fileRef = 18AC2B9921FFEFDC008053CA /* ViewController.m */; };
		18AC2B9D21FFEFDC008053CA /* Main.storyboard in Resources */ = {isa = PBXBuildFile; fileRef = 18AC2B9B21FFEFDC008053CA /* Main.storyboard */; };
		18AC2B9F21FFEFDE008053CA /* Assets.xcassets in Resources */ = {isa = PBXBuildFile; fileRef = 18AC2B9E21FFEFDE008053CA /* Assets.xcassets */; };
		18AC2BA221FFEFDE008053CA /* LaunchScreen.storyboard in Resources */ = {isa = PBXBuildFile; fileRef = 18AC2BA021FFEFDE008053CA /* LaunchScreen.storyboard */; };
		18AC2BA521FFEFDE008053CA /* main.m in Sources */ = {isa = PBXBuildFile; fileRef = 18AC2BA421FFEFDE008053CA /* main.m */; };
		18AC2BAF21FFEFDF008053CA /* JHTapTextViewDemoTests.m in Sources */ = {isa = PBXBuildFile; fileRef = 18AC2BAE21FFEFDF008053CA /* JHTapTextViewDemoTests.m */; };
		18AC2BBC21FFF057008053CA /* JHTapTextView.m in Sources */ = {isa = PBXBuildFile; fileRef = 18AC2BBB21FFF057008053CA /* JHTapTextView.m */; };
		18AC2BC021FFF08E008053CA /* Okidoki.m in Sources */ = {isa = PBXBuildFile; fileRef = 18AC2BBF21FFF08E008053CA /* Okidoki.m */; };
/* End PBXBuildFile section */

/* Begin PBXContainerItemProxy section */
		18AC2BAB21FFEFDF008053CA /* PBXContainerItemProxy */ = {
			isa = PBXContainerItemProxy;
			containerPortal = 18AC2B8A21FFEFDC008053CA /* Project object */;
			proxyType = 1;
			remoteGlobalIDString = 18AC2B9121FFEFDC008053CA;
			remoteInfo = JHTapTextViewDemo;
		};
/* End PBXContainerItemProxy section */

/* Begin PBXFileReference section */
		18AC2B9221FFEFDC008053CA /* JHTapTextViewDemo.app */ = {isa = PBXFileReference; explicitFileType = wrapper.application; includeInIndex = 0; path = JHTapTextViewDemo.app; sourceTree = BUILT_PRODUCTS_DIR; };
		18AC2B9521FFEFDC008053CA /* AppDelegate.h */ = {isa = PBXFileReference; lastKnownFileType = sourcecode.c.h; path = AppDelegate.h; sourceTree = "<group>"; };
		18AC2B9621FFEFDC008053CA /* AppDelegate.m */ = {isa = PBXFileReference; lastKnownFileType = sourcecode.c.objc; path = AppDelegate.m; sourceTree = "<group>"; };
		18AC2B9821FFEFDC008053CA /* ViewController.h */ = {isa = PBXFileReference; lastKnownFileType = sourcecode.c.h; path = ViewController.h; sourceTree = "<group>"; };
		18AC2B9921FFEFDC008053CA /* ViewController.m */ = {isa = PBXFileReference; lastKnownFileType = sourcecode.c.objc; path = ViewController.m; sourceTree = "<group>"; };
		18AC2B9C21FFEFDC008053CA /* Base */ = {isa = PBXFileReference; lastKnownFileType = file.storyboard; name = Base; path = Base.lproj/Main.storyboard; sourceTree = "<group>"; };
		18AC2B9E21FFEFDE008053CA /* Assets.xcassets */ = {isa = PBXFileReference; lastKnownFileType = folder.assetcatalog; path = Assets.xcassets; sourceTree = "<group>"; };
		18AC2BA121FFEFDE008053CA /* Base */ = {isa = PBXFileReference; lastKnownFileType = file.storyboard; name = Base; path = Base.lproj/LaunchScreen.storyboard; sourceTree = "<group>"; };
		18AC2BA321FFEFDE008053CA /* Info.plist */ = {isa = PBXFileReference; lastKnownFileType = text.plist.xml; path = Info.plist; sourceTree = "<group>"; };
		18AC2BA421FFEFDE008053CA /* main.m */ = {isa = PBXFileReference; lastKnownFileType = sourcecode.c.objc; path = main.m; sourceTree = "<group>"; };
		18AC2BAA21FFEFDF008053CA /* JHTapTextViewDemoTests.xctest */ = {isa = PBXFileReference; explicitFileType = wrapper.cfbundle; includeInIndex = 0; path = JHTapTextViewDemoTests.xctest; sourceTree = BUILT_PRODUCTS_DIR; };
		18AC2BAE21FFEFDF008053CA /* JHTapTextViewDemoTests.m */ = {isa = PBXFileReference; lastKnownFileType = sourcecode.c.objc; path = JHTapTextViewDemoTests.m; sourceTree = "<group>"; };
		18AC2BB021FFEFDF008053CA /* Info.plist */ = {isa = PBXFileReference; lastKnownFileType = text.plist.xml; path = Info.plist; sourceTree = "<group>"; };
		18AC2BBA21FFF057008053CA /* JHTapTextView.h */ = {isa = PBXFileReference; fileEncoding = 4; lastKnownFileType = sourcecode.c.h; path = JHTapTextView.h; sourceTree = "<group>"; };
		18AC2BBB21FFF057008053CA /* JHTapTextView.m */ = {isa = PBXFileReference; fileEncoding = 4; lastKnownFileType = sourcecode.c.objc; path = JHTapTextView.m; sourceTree = "<group>"; };
		18AC2BBE21FFF08E008053CA /* Okidoki.h */ = {isa = PBXFileReference; fileEncoding = 4; lastKnownFileType = sourcecode.c.h; path = Okidoki.h; sourceTree = "<group>"; };
		18AC2BBF21FFF08E008053CA /* Okidoki.m */ = {isa = PBXFileReference; fileEncoding = 4; lastKnownFileType = sourcecode.c.objc; path = Okidoki.m; sourceTree = "<group>"; };
/* End PBXFileReference section */

/* Begin PBXFrameworksBuildPhase section */
		18AC2B8F21FFEFDC008053CA /* Frameworks */ = {
			isa = PBXFrameworksBuildPhase;
			buildActionMask = 2147483647;
			files = (
			);
			runOnlyForDeploymentPostprocessing = 0;
		};
		18AC2BA721FFEFDF008053CA /* Frameworks */ = {
			isa = PBXFrameworksBuildPhase;
			buildActionMask = 2147483647;
			files = (
			);
			runOnlyForDeploymentPostprocessing = 0;
		};
/* End PBXFrameworksBuildPhase section */

/* Begin PBXGroup section */
		18AC2B8921FFEFDC008053CA = {
			isa = PBXGroup;
			children = (
				18AC2B9421FFEFDC008053CA /* JHTapTextViewDemo */,
				18AC2BAD21FFEFDF008053CA /* JHTapTextViewDemoTests */,
				18AC2B9321FFEFDC008053CA /* Products */,
			);
			sourceTree = "<group>";
		};
		18AC2B9321FFEFDC008053CA /* Products */ = {
			isa = PBXGroup;
			children = (
				18AC2B9221FFEFDC008053CA /* JHTapTextViewDemo.app */,
				18AC2BAA21FFEFDF008053CA /* JHTapTextViewDemoTests.xctest */,
			);
			name = Products;
			sourceTree = "<group>";
		};
		18AC2B9421FFEFDC008053CA /* JHTapTextViewDemo */ = {
			isa = PBXGroup;
			children = (
				18AC2BBD21FFF08E008053CA /* Okidoki */,
				18AC2BB921FFF057008053CA /* JHTapTextView */,
				18AC2B9521FFEFDC008053CA /* AppDelegate.h */,
				18AC2B9621FFEFDC008053CA /* AppDelegate.m */,
				18AC2B9821FFEFDC008053CA /* ViewController.h */,
				18AC2B9921FFEFDC008053CA /* ViewController.m */,
				18AC2B9B21FFEFDC008053CA /* Main.storyboard */,
				18AC2B9E21FFEFDE008053CA /* Assets.xcassets */,
				18AC2BA021FFEFDE008053CA /* LaunchScreen.storyboard */,
				18AC2BA321FFEFDE008053CA /* Info.plist */,
				18AC2BA421FFEFDE008053CA /* main.m */,
			);
			path = JHTapTextViewDemo;
			sourceTree = "<group>";
		};
		18AC2BAD21FFEFDF008053CA /* JHTapTextViewDemoTests */ = {
			isa = PBXGroup;
			children = (
				18AC2BAE21FFEFDF008053CA /* JHTapTextViewDemoTests.m */,
				18AC2BB021FFEFDF008053CA /* Info.plist */,
			);
			path = JHTapTextViewDemoTests;
			sourceTree = "<group>";
		};
		18AC2BB921FFF057008053CA /* JHTapTextView */ = {
			isa = PBXGroup;
			children = (
				18AC2BBA21FFF057008053CA /* JHTapTextView.h */,
				18AC2BBB21FFF057008053CA /* JHTapTextView.m */,
			);
			name = JHTapTextView;
			path = ../../JHTapTextView;
			sourceTree = "<group>";
		};
		18AC2BBD21FFF08E008053CA /* Okidoki */ = {
			isa = PBXGroup;
			children = (
				18AC2BBE21FFF08E008053CA /* Okidoki.h */,
				18AC2BBF21FFF08E008053CA /* Okidoki.m */,
			);
			path = Okidoki;
			sourceTree = "<group>";
		};
/* End PBXGroup section */

/* Begin PBXNativeTarget section */
		18AC2B9121FFEFDC008053CA /* JHTapTextViewDemo */ = {
			isa = PBXNativeTarget;
			buildConfigurationList = 18AC2BB321FFEFDF008053CA /* Build configuration list for PBXNativeTarget "JHTapTextViewDemo" */;
			buildPhases = (
				18AC2B8E21FFEFDC008053CA /* Sources */,
				18AC2B8F21FFEFDC008053CA /* Frameworks */,
				18AC2B9021FFEFDC008053CA /* Resources */,
			);
			buildRules = (
			);
			dependencies = (
			);
			name = JHTapTextViewDemo;
			productName = JHTapTextViewDemo;
			productReference = 18AC2B9221FFEFDC008053CA /* JHTapTextViewDemo.app */;
			productType = "com.apple.product-type.application";
		};
		18AC2BA921FFEFDF008053CA /* JHTapTextViewDemoTests */ = {
			isa = PBXNativeTarget;
			buildConfigurationList = 18AC2BB621FFEFDF008053CA /* Build configuration list for PBXNativeTarget "JHTapTextViewDemoTests" */;
			buildPhases = (
				18AC2BA621FFEFDF008053CA /* Sources */,
				18AC2BA721FFEFDF008053CA /* Frameworks */,
				18AC2BA821FFEFDF008053CA /* Resources */,
			);
			buildRules = (
			);
			dependencies = (
				18AC2BAC21FFEFDF008053CA /* PBXTargetDependency */,
			);
			name = JHTapTextViewDemoTests;
			productName = JHTapTextViewDemoTests;
			productReference = 18AC2BAA21FFEFDF008053CA /* JHTapTextViewDemoTests.xctest */;
			productType = "com.apple.product-type.bundle.unit-test";
		};
/* End PBXNativeTarget section */

/* Begin PBXProject section */
		18AC2B8A21FFEFDC008053CA /* Project object */ = {
			isa = PBXProject;
			attributes = {
				LastUpgradeCheck = 1010;
				ORGANIZATIONNAME = HaoCold;
				TargetAttributes = {
					18AC2B9121FFEFDC008053CA = {
						CreatedOnToolsVersion = 10.1;
					};
					18AC2BA921FFEFDF008053CA = {
						CreatedOnToolsVersion = 10.1;
						TestTargetID = 18AC2B9121FFEFDC008053CA;
					};
				};
			};
			buildConfigurationList = 18AC2B8D21FFEFDC008053CA /* Build configuration list for PBXProject "JHTapTextViewDemo" */;
			compatibilityVersion = "Xcode 9.3";
			developmentRegion = en;
			hasScannedForEncodings = 0;
			knownRegions = (
				en,
				Base,
			);
			mainGroup = 18AC2B8921FFEFDC008053CA;
			productRefGroup = 18AC2B9321FFEFDC008053CA /* Products */;
			projectDirPath = "";
			projectRoot = "";
			targets = (
				18AC2B9121FFEFDC008053CA /* JHTapTextViewDemo */,
				18AC2BA921FFEFDF008053CA /* JHTapTextViewDemoTests */,
			);
		};
/* End PBXProject section */

/* Begin PBXResourcesBuildPhase section */
		18AC2B9021FFEFDC008053CA /* Resources */ = {
			isa = PBXResourcesBuildPhase;
			buildActionMask = 2147483647;
			files = (
				18AC2BA221FFEFDE008053CA /* LaunchScreen.storyboard in Resources */,
				18AC2B9F21FFEFDE008053CA /* Assets.xcassets in Resources */,
				18AC2B9D21FFEFDC008053CA /* Main.storyboard in Resources */,
			);
			runOnlyForDeploymentPostprocessing = 0;
		};
		18AC2BA821FFEFDF008053CA /* Resources */ = {
			isa = PBXResourcesBuildPhase;
			buildActionMask = 2147483647;
			files = (
			);
			runOnlyForDeploymentPostprocessing = 0;
		};
/* End PBXResourcesBuildPhase section */

/* Begin PBXSourcesBuildPhase section */
		18AC2B8E21FFEFDC008053CA /* Sources */ = {
			isa = PBXSourcesBuildPhase;
			buildActionMask = 2147483647;
			files = (
				18AC2B9A21FFEFDC008053CA /* ViewController.m in Sources */,
				18AC2BC021FFF08E008053CA /* Okidoki.m in Sources */,
				18AC2BBC21FFF057008053CA /* JHTapTextView.m in Sources */,
				18AC2BA521FFEFDE008053CA /* main.m in Sources */,
				18AC2B9721FFEFDC008053CA /* AppDelegate.m in Sources */,
			);
			runOnlyForDeploymentPostprocessing = 0;
		};
		18AC2BA621FFEFDF008053CA /* Sources */ = {
			isa = PBXSourcesBuildPhase;
			buildActionMask = 2147483647;
			files = (
				18AC2BAF21FFEFDF008053CA /* JHTapTextViewDemoTests.m in Sources */,
			);
			runOnlyForDeploymentPostprocessing = 0;
		};
/* End PBXSourcesBuildPhase section */

/* Begin PBXTargetDependency section */
		18AC2BAC21FFEFDF008053CA /* PBXTargetDependency */ = {
			isa = PBXTargetDependency;
			target = 18AC2B9121FFEFDC008053CA /* JHTapTextViewDemo */;
			targetProxy = 18AC2BAB21FFEFDF008053CA /* PBXContainerItemProxy */;
		};
/* End PBXTargetDependency section */

/* Begin PBXVariantGroup section */
		18AC2B9B21FFEFDC008053CA /* Main.storyboard */ = {
			isa = PBXVariantGroup;
			children = (
				18AC2B9C21FFEFDC008053CA /* Base */,
			);
			name = Main.storyboard;
			sourceTree = "<group>";
		};
		18AC2BA021FFEFDE008053CA /* LaunchScreen.storyboard */ = {
			isa = PBXVariantGroup;
			children = (
				18AC2BA121FFEFDE008053CA /* Base */,
			);
			name = LaunchScreen.storyboard;
			sourceTree = "<group>";
		};
/* End PBXVariantGroup section */

/* Begin XCBuildConfiguration section */
		18AC2BB121FFEFDF008053CA /* Debug */ = {
			isa = XCBuildConfiguration;
			buildSettings = {
				ALWAYS_SEARCH_USER_PATHS = NO;
				CLANG_ANALYZER_NONNULL = YES;
				CLANG_ANALYZER_NUMBER_OBJECT_CONVERSION = YES_AGGRESSIVE;
				CLANG_CXX_LANGUAGE_STANDARD = "gnu++14";
				CLANG_CXX_LIBRARY = "libc++";
				CLANG_ENABLE_MODULES = YES;
				CLANG_ENABLE_OBJC_ARC = YES;
				CLANG_ENABLE_OBJC_WEAK = YES;
				CLANG_WARN_BLOCK_CAPTURE_AUTORELEASING = YES;
				CLANG_WARN_BOOL_CONVERSION = YES;
				CLANG_WARN_COMMA = YES;
				CLANG_WARN_CONSTANT_CONVERSION = YES;
				CLANG_WARN_DEPRECATED_OBJC_IMPLEMENTATIONS = YES;
				CLANG_WARN_DIRECT_OBJC_ISA_USAGE = YES_ERROR;
				CLANG_WARN_DOCUMENTATION_COMMENTS = YES;
				CLANG_WARN_EMPTY_BODY = YES;
				CLANG_WARN_ENUM_CONVERSION = YES;
				CLANG_WARN_INFINITE_RECURSION = YES;
				CLANG_WARN_INT_CONVERSION = YES;
				CLANG_WARN_NON_LITERAL_NULL_CONVERSION = YES;
				CLANG_WARN_OBJC_IMPLICIT_RETAIN_SELF = YES;
				CLANG_WARN_OBJC_LITERAL_CONVERSION = YES;
				CLANG_WARN_OBJC_ROOT_CLASS = YES_ERROR;
				CLANG_WARN_RANGE_LOOP_ANALYSIS = YES;
				CLANG_WARN_STRICT_PROTOTYPES = YES;
				CLANG_WARN_SUSPICIOUS_MOVE = YES;
				CLANG_WARN_UNGUARDED_AVAILABILITY = YES_AGGRESSIVE;
				CLANG_WARN_UNREACHABLE_CODE = YES;
				CLANG_WARN__DUPLICATE_METHOD_MATCH = YES;
				CODE_SIGN_IDENTITY = "iPhone Developer";
				COPY_PHASE_STRIP = NO;
				DEBUG_INFORMATION_FORMAT = dwarf;
				ENABLE_STRICT_OBJC_MSGSEND = YES;
				ENABLE_TESTABILITY = YES;
				GCC_C_LANGUAGE_STANDARD = gnu11;
				GCC_DYNAMIC_NO_PIC = NO;
				GCC_NO_COMMON_BLOCKS = YES;
				GCC_OPTIMIZATION_LEVEL = 0;
				GCC_PREPROCESSOR_DEFINITIONS = (
					"DEBUG=1",
					"$(inherited)",
				);
				GCC_WARN_64_TO_32_BIT_CONVERSION = YES;
				GCC_WARN_ABOUT_RETURN_TYPE = YES_ERROR;
				GCC_WARN_UNDECLARED_SELECTOR = YES;
				GCC_WARN_UNINITIALIZED_AUTOS = YES_AGGRESSIVE;
				GCC_WARN_UNUSED_FUNCTION = YES;
				GCC_WARN_UNUSED_VARIABLE = YES;
				IPHONEOS_DEPLOYMENT_TARGET = 12.1;
				MTL_ENABLE_DEBUG_INFO = INCLUDE_SOURCE;
				MTL_FAST_MATH = YES;
				ONLY_ACTIVE_ARCH = YES;
				SDKROOT = iphoneos;
			};
			name = Debug;
		};
		18AC2BB221FFEFDF008053CA /* Release */ = {
			isa = XCBuildConfiguration;
			buildSettings = {
				ALWAYS_SEARCH_USER_PATHS = NO;
				CLANG_ANALYZER_NONNULL = YES;
				CLANG_ANALYZER_NUMBER_OBJECT_CONVERSION = YES_AGGRESSIVE;
				CLANG_CXX_LANGUAGE_STANDARD = "gnu++14";
				CLANG_CXX_LIBRARY = "libc++";
				CLANG_ENABLE_MODULES = YES;
				CLANG_ENABLE_OBJC_ARC = YES;
				CLANG_ENABLE_OBJC_WEAK = YES;
				CLANG_WARN_BLOCK_CAPTURE_AUTORELEASING = YES;
				CLANG_WARN_BOOL_CONVERSION = YES;
				CLANG_WARN_COMMA = YES;
				CLANG_WARN_CONSTANT_CONVERSION = YES;
				CLANG_WARN_DEPRECATED_OBJC_IMPLEMENTATIONS = YES;
				CLANG_WARN_DIRECT_OBJC_ISA_USAGE = YES_ERROR;
				CLANG_WARN_DOCUMENTATION_COMMENTS = YES;
				CLANG_WARN_EMPTY_BODY = YES;
				CLANG_WARN_ENUM_CONVERSION = YES;
				CLANG_WARN_INFINITE_RECURSION = YES;
				CLANG_WARN_INT_CONVERSION = YES;
				CLANG_WARN_NON_LITERAL_NULL_CONVERSION = YES;
				CLANG_WARN_OBJC_IMPLICIT_RETAIN_SELF = YES;
				CLANG_WARN_OBJC_LITERAL_CONVERSION = YES;
				CLANG_WARN_OBJC_ROOT_CLASS = YES_ERROR;
				CLANG_WARN_RANGE_LOOP_ANALYSIS = YES;
				CLANG_WARN_STRICT_PROTOTYPES = YES;
				CLANG_WARN_SUSPICIOUS_MOVE = YES;
				CLANG_WARN_UNGUARDED_AVAILABILITY = YES_AGGRESSIVE;
				CLANG_WARN_UNREACHABLE_CODE = YES;
				CLANG_WARN__DUPLICATE_METHOD_MATCH = YES;
				CODE_SIGN_IDENTITY = "iPhone Developer";
				COPY_PHASE_STRIP = NO;
				DEBUG_INFORMATION_FORMAT = "dwarf-with-dsym";
				ENABLE_NS_ASSERTIONS = NO;
				ENABLE_STRICT_OBJC_MSGSEND = YES;
				GCC_C_LANGUAGE_STANDARD = gnu11;
				GCC_NO_COMMON_BLOCKS = YES;
				GCC_WARN_64_TO_32_BIT_CONVERSION = YES;
				GCC_WARN_ABOUT_RETURN_TYPE = YES_ERROR;
				GCC_WARN_UNDECLARED_SELECTOR = YES;
				GCC_WARN_UNINITIALIZED_AUTOS = YES_AGGRESSIVE;
				GCC_WARN_UNUSED_FUNCTION = YES;
				GCC_WARN_UNUSED_VARIABLE = YES;
				IPHONEOS_DEPLOYMENT_TARGET = 12.1;
				MTL_ENABLE_DEBUG_INFO = NO;
				MTL_FAST_MATH = YES;
				SDKROOT = iphoneos;
				VALIDATE_PRODUCT = YES;
			};
			name = Release;
		};
		18AC2BB421FFEFDF008053CA /* Debug */ = {
			isa = XCBuildConfiguration;
			buildSettings = {
				ASSETCATALOG_COMPILER_APPICON_NAME = AppIcon;
				CODE_SIGN_STYLE = Manual;
				DEVELOPMENT_TEAM = "";
				INFOPLIST_FILE = JHTapTextViewDemo/Info.plist;
				IPHONEOS_DEPLOYMENT_TARGET = 8.0;
				LD_RUNPATH_SEARCH_PATHS = (
					"$(inherited)",
					"@executable_path/Frameworks",
				);
				PRODUCT_BUNDLE_IDENTIFIER = haocold.JHTapTextViewDemo;
				PRODUCT_NAME = "$(TARGET_NAME)";
				PROVISIONING_PROFILE_SPECIFIER = "";
				TARGETED_DEVICE_FAMILY = "1,2";
			};
			name = Debug;
		};
		18AC2BB521FFEFDF008053CA /* Release */ = {
			isa = XCBuildConfiguration;
			buildSettings = {
				ASSETCATALOG_COMPILER_APPICON_NAME = AppIcon;
				CODE_SIGN_STYLE = Manual;
				DEVELOPMENT_TEAM = "";
				INFOPLIST_FILE = JHTapTextViewDemo/Info.plist;
				IPHONEOS_DEPLOYMENT_TARGET = 8.0;
				LD_RUNPATH_SEARCH_PATHS = (
					"$(inherited)",
					"@executable_path/Frameworks",
				);
				PRODUCT_BUNDLE_IDENTIFIER = haocold.JHTapTextViewDemo;
				PRODUCT_NAME = "$(TARGET_NAME)";
				PROVISIONING_PROFILE_SPECIFIER = "";
				TARGETED_DEVICE_FAMILY = "1,2";
			};
			name = Release;
		};
		18AC2BB721FFEFDF008053CA /* Debug */ = {
			isa = XCBuildConfiguration;
			buildSettings = {
				BUNDLE_LOADER = "$(TEST_HOST)";
				CODE_SIGN_STYLE = Automatic;
				INFOPLIST_FILE = JHTapTextViewDemoTests/Info.plist;
				LD_RUNPATH_SEARCH_PATHS = (
					"$(inherited)",
					"@executable_path/Frameworks",
					"@loader_path/Frameworks",
				);
				PRODUCT_BUNDLE_IDENTIFIER = haocold.JHTapTextViewDemoTests;
				PRODUCT_NAME = "$(TARGET_NAME)";
				TARGETED_DEVICE_FAMILY = "1,2";
				TEST_HOST = "$(BUILT_PRODUCTS_DIR)/JHTapTextViewDemo.app/JHTapTextViewDemo";
			};
			name = Debug;
		};
		18AC2BB821FFEFDF008053CA /* Release */ = {
			isa = XCBuildConfiguration;
			buildSettings = {
				BUNDLE_LOADER = "$(TEST_HOST)";
				CODE_SIGN_STYLE = Automatic;
				INFOPLIST_FILE = JHTapTextViewDemoTests/Info.plist;
				LD_RUNPATH_SEARCH_PATHS = (
					"$(inherited)",
					"@executable_path/Frameworks",
					"@loader_path/Frameworks",
				);
				PRODUCT_BUNDLE_IDENTIFIER = haocold.JHTapTextViewDemoTests;
				PRODUCT_NAME = "$(TARGET_NAME)";
				TARGETED_DEVICE_FAMILY = "1,2";
				TEST_HOST = "$(BUILT_PRODUCTS_DIR)/JHTapTextViewDemo.app/JHTapTextViewDemo";
			};
			name = Release;
		};
/* End XCBuildConfiguration section */

/* Begin XCConfigurationList section */
		18AC2B8D21FFEFDC008053CA /* Build configuration list for PBXProject "JHTapTextViewDemo" */ = {
			isa = XCConfigurationList;
			buildConfigurations = (
				18AC2BB121FFEFDF008053CA /* Debug */,
				18AC2BB221FFEFDF008053CA /* Release */,
			);
			defaultConfigurationIsVisible = 0;
			defaultConfigurationName = Release;
		};
		18AC2BB321FFEFDF008053CA /* Build configuration list for PBXNativeTarget "JHTapTextViewDemo" */ = {
			isa = XCConfigurationList;
			buildConfigurations = (
				18AC2BB421FFEFDF008053CA /* Debug */,
				18AC2BB521FFEFDF008053CA /* Release */,
			);
			defaultConfigurationIsVisible = 0;
			defaultConfigurationName = Release;
		};
		18AC2BB621FFEFDF008053CA /* Build configuration list for PBXNativeTarget "JHTapTextViewDemoTests" */ = {
			isa = XCConfigurationList;
			buildConfigurations = (
				18AC2BB721FFEFDF008053CA /* Debug */,
				18AC2BB821FFEFDF008053CA /* Release */,
			);
			defaultConfigurationIsVisible = 0;
			defaultConfigurationName = Release;
		};
/* End XCConfigurationList section */
	};
	rootObject = 18AC2B8A21FFEFDC008053CA /* Project object */;
}
